{
  "name": "resumebot-1password-host",
  "version": "1.1.0",
  "lockfileVersion": 3,
  "requires": true,
  "packages": {
    "": {
      "name": "resumebot-1password-host",
      "version": "1.1.0",
      "license": "MIT",
      "dependencies": {
        "@1password/sdk": "^0.4.0"
      }
    },
    "node_modules/@1password/sdk": {
      "version": "0.4.1",
      "resolved": "https://registry.npmjs.org/@1password/sdk/-/sdk-0.4.1.tgz",
      "integrity": "sha512-wsa2XozG5O2aKGmxEMT+A8kUvhk68FnGIP1r9qlY139SMVSuptH74ulTo1DR5wBlL+iBg3hsW+IpYOXO3EKQwA==",
      "license": "MIT",
      "dependencies": {
        "@1password/sdk-core": "0.4.1"
      }
    },
    "node_modules/@1password/sdk-core": {
      "version": "0.4.1",
      "resolved": "https://registry.npmjs.org/@1password/sdk-core/-/sdk-core-0.4.1.tgz",
      "integrity": "sha512-7yGBbzcwje+BQ+BO+RVCEo0qZq97pz93+T3ouF6L2hskCD+dvtXF39s0MBr1yVEMTZ8y5gqMruFEexQqbkiDhA==",
      "license": "MIT"
    }
  }
}
